Microsoft Visual Studio Solution File, Format Version 11.00
# Visual Studio 2008

Project("{B3EA693D-3F92-3E5D-06BF-7BD0DBC1168C}") = "ConfigProject", "Assembly-CSharp.csproj", "{3FDCE956-FB59-819C-C1B6-D26E217BDD4F}"
EndProject
Global
	GlobalSection(SolutionConfigurationPlatforms) = preSolution
		Debug|Any CPU = Debug|Any CPU
		Release|Any CPU = Release|Any CPU
	EndGlobalSection
	GlobalSection(ProjectConfigurationPlatforms) = postSolution
		{3FDCE956-FB59-819C-C1B6-D26E217BDD4F}.Debug|Any CPU.ActiveCfg = Debug|Any CPU
		{3FDCE956-FB59-819C-C1B6-D26E217BDD4F}.Debug|Any CPU.Build.0 = Debug|Any CPU
		{3FDCE956-FB59-819C-C1B6-D26E217BDD4F}.Release|Any CPU.ActiveCfg = Release|Any CPU
		{3FDCE956-FB59-819C-C1B6-D26E217BDD4F}.Release|Any CPU.Build.0 = Release|Any CPU
	EndGlobalSection
	GlobalSection(SolutionProperties) = preSolution
		HideSolutionNode = FALSE
	EndGlobalSection
	GlobalSection(MonoDevelopProperties) = preSolution
		StartupItem = Assembly-CSharp.csproj
	EndGlobalSection
EndGlobal
